// !$*UTF8*$!
{
	archiveVersion = 1;
	classes = {
	};
	objectVersion = 50;
	objects = {

/* Begin PBXBuildFile section */
		F9B481B3263EA42E00ABFA23 /* AppDelegate.swift in Sources */ = {isa = PBXBuildFile; fileRef = F9B481B2263EA42E00ABFA23 /* AppDelegate.swift */; };
		F9B481B5263EA42E00ABFA23 /* SceneDelegate.swift in Sources */ = {isa = PBXBuildFile; fileRef = F9B481B4263EA42E00ABFA23 /* SceneDelegate.swift */; };
		F9B481B7263EA42E00ABFA23 /* TodoListViewController.swift in Sources */ = {isa = PBXBuildFile; fileRef = F9B481B6263EA42E00ABFA23 /* TodoListViewController.swift */; };
		F9B481BA263EA42E00ABFA23 /* Main.storyboard in Resources */ = {isa = PBXBuildFile; fileRef = F9B481B8263EA42E00ABFA23 /* Main.storyboard */; };
		F9B481BD263EA42E00ABFA23 /* MyTodo.xcdatamodeld in Sources */ = {isa = PBXBuildFile; fileRef = F9B481BB263EA42E00ABFA23 /* MyTodo.xcdatamodeld */; };
		F9B481BF263EA44500ABFA23 /* Assets.xcassets in Resources */ = {isa = PBXBuildFile; fileRef = F9B481BE263EA44500ABFA23 /* Assets.xcassets */; };
		F9B481C2263EA44500ABFA23 /* LaunchScreen.storyboard in Resources */ = {isa = PBXBuildFile; fileRef = F9B481C0263EA44500ABFA23 /* LaunchScreen.storyboard */; };
/* End PBXBuildFile section */

/* Begin PBXFileReference section */
		F9B481AF263EA42E00ABFA23 /* MyTodo.app */ = {isa = PBXFileReference; explicitFileType = wrapper.application; includeInIndex = 0; path = MyTodo.app; sourceTree = BUILT_PRODUCTS_DIR; };
		F9B481B2263EA42E00ABFA23 /* AppDelegate.swift */ = {isa = PBXFileReference; lastKnownFileType = sourcecode.swift; path = AppDelegate.swift; sourceTree = "<group>"; };
		F9B481B4263EA42E00ABFA23 /* SceneDelegate.swift */ = {isa = PBXFileReference; lastKnownFileType = sourcecode.swift; path = SceneDelegate.swift; sourceTree = "<group>"; };
		F9B481B6263EA42E00ABFA23 /* TodoListViewController.swift */ = {isa = PBXFileReference; lastKnownFileType = sourcecode.swift; path = TodoListViewController.swift; sourceTree = "<group>"; };
		F9B481B9263EA42E00ABFA23 /* Base */ = {isa = PBXFileReference; lastKnownFileType = file.storyboard; name = Base; path = Base.lproj/Main.storyboard; sourceTree = "<group>"; };
		F9B481BC263EA42E00ABFA23 /* MyTodo.xcdatamodel */ = {isa = PBXFileReference; lastKnownFileType = wrapper.xcdatamodel; path = MyTodo.xcdatamodel; sourceTree = "<group>"; };
		F9B481BE263EA44500ABFA23 /* Assets.xcassets */ = {isa = PBXFileReference; lastKnownFileType = folder.assetcatalog; path = Assets.xcassets; sourceTree = "<group>"; };
		F9B481C1263EA44500ABFA23 /* Base */ = {isa = PBXFileReference; lastKnownFileType = file.storyboard; name = Base; path = Base.lproj/LaunchScreen.storyboard; sourceTree = "<group>"; };
		F9B481C3263EA44500ABFA23 /* Info.plist */ = {isa = PBXFileReference; lastKnownFileType = text.plist.xml; path = Info.plist; sourceTree = "<group>"; };
/* End PBXFileReference section */

/* Begin PBXFrameworksBuildPhase section */
		F9B481AC263EA42E00ABFA23 /* Frameworks */ = {
			isa = PBXFrameworksBuildPhase;
			buildActionMask = 2147483647;
			files = (
			);
			runOnlyForDeploymentPostprocessing = 0;
		};
/* End PBXFrameworksBuildPhase section */

/* Begin PBXGroup section */
		F9B481A6263EA42D00ABFA23 = {
			isa = PBXGroup;
			children = (
				F9B481B1263EA42E00ABFA23 /* MyTodo */,
				F9B481B0263EA42E00ABFA23 /* Products */,
			);
			sourceTree = "<group>";
		};
		F9B481B0263EA42E00ABFA23 /* Products */ = {
			isa = PBXGroup;
			children = (
				F9B481AF263EA42E00ABFA23 /* MyTodo.app */,
			);
			name = Products;
			sourceTree = "<group>";
		};
		F9B481B1263EA42E00ABFA23 /* MyTodo */ = {
			isa = PBXGroup;
			children = (
				F9B481B2263EA42E00ABFA23 /* AppDelegate.swift */,
				F9B481B4263EA42E00ABFA23 /* SceneDelegate.swift */,
				F9E165C0263FF286005D02D1 /* Controller */,
				F9E165BF263FF219005D02D1 /* Model */,
				F9E165C2263FF2AD005D02D1 /* View */,
				F9E165C4263FF2CF005D02D1 /* Supporting Files */,
				F9B481C3263EA44500ABFA23 /* Info.plist */,
			);
			path = MyTodo;
			sourceTree = "<group>";
		};
		F9E165BF263FF219005D02D1 /* Model */ = {
			isa = PBXGroup;
			children = (
				F9B481BB263EA42E00ABFA23 /* MyTodo.xcdatamodeld */,
			);
			path = Model;
			sourceTree = "<group>";
		};
		F9E165C0263FF286005D02D1 /* Controller */ = {
			isa = PBXGroup;
			children = (
				F9B481B6263EA42E00ABFA23 /* TodoListViewController.swift */,
			);
			path = Controller;
			sourceTree = "<group>";
		};
		F9E165C2263FF2AD005D02D1 /* View */ = {
			isa = PBXGroup;
			children = (
				F9B481B8263EA42E00ABFA23 /* Main.storyboard */,
			);
			path = View;
			sourceTree = "<group>";
		};
		F9E165C4263FF2CF005D02D1 /* Supporting Files */ = {
			isa = PBXGroup;
			children = (
				F9B481BE263EA44500ABFA23 /* Assets.xcassets */,
				F9B481C0263EA44500ABFA23 /* LaunchScreen.storyboard */,
			);
			path = "Supporting Files";
			sourceTree = "<group>";
		};
/* End PBXGroup section */

/* Begin PBXNativeTarget section */
		F9B481AE263EA42E00ABFA23 /* MyTodo */ = {
			isa = PBXNativeTarget;
			buildConfigurationList = F9B481C6263EA44500ABFA23 /* Build configuration list for PBXNativeTarget "MyTodo" */;
			buildPhases = (
				F9B481AB263EA42E00ABFA23 /* Sources */,
				F9B481AC263EA42E00ABFA23 /* Frameworks */,
				F9B481AD263EA42E00ABFA23 /* Resources */,
			);
			buildRules = (
			);
			dependencies = (
			);
			name = MyTodo;
			productName = MyTodo;
			productReference = F9B481AF263EA42E00ABFA23 /* MyTodo.app */;
			productType = "com.apple.product-type.application";
		};
/* End PBXNativeTarget section */

/* Begin PBXProject section */
		F9B481A7263EA42D00ABFA23 /* Project object */ = {
			isa = PBXProject;
			attributes = {
				LastSwiftUpdateCheck = 1240;
				LastUpgradeCheck = 1240;
				TargetAttributes = {
					F9B481AE263EA42E00ABFA23 = {
						CreatedOnToolsVersion = 12.4;
					};
				};
			};
			buildConfigurationList = F9B481AA263EA42D00ABFA23 /* Build configuration list for PBXProject "MyTodo" */;
			compatibilityVersion = "Xcode 9.3";
			developmentRegion = en;
			hasScannedForEncodings = 0;
			knownRegions = (
				en,
				Base,
			);
			mainGroup = F9B481A6263EA42D00ABFA23;
			productRefGroup = F9B481B0263EA42E00ABFA23 /* Products */;
			projectDirPath = "";
			projectRoot = "";
			targets = (
				F9B481AE263EA42E00ABFA23 /* MyTodo */,
			);
		};
/* End PBXProject section */

/* Begin PBXResourcesBuildPhase section */
		F9B481AD263EA42E00ABFA23 /* Resources */ = {
			isa = PBXResourcesBuildPhase;
			buildActionMask = 2147483647;
			files = (
				F9B481C2263EA44500ABFA23 /* LaunchScreen.storyboard in Resources */,
				F9B481BF263EA44500ABFA23 /* Assets.xcassets in Resources */,
				F9B481BA263EA42E00ABFA23 /* Main.storyboard in Resources */,
			);
			runOnlyForDeploymentPostprocessing = 0;
		};
/* End PBXResourcesBuildPhase section */

/* Begin PBXSourcesBuildPhase section */
		F9B481AB263EA42E00ABFA23 /* Sources */ = {
			isa = PBXSourcesBuildPhase;
			buildActionMask = 2147483647;
			files = (
				F9B481B7263EA42E00ABFA23 /* TodoListViewController.swift in Sources */,
				F9B481B3263EA42E00ABFA23 /* AppDelegate.swift in Sources */,
				F9B481B5263EA42E00ABFA23 /* SceneDelegate.swift in Sources */,
				F9B481BD263EA42E00ABFA23 /* MyTodo.xcdatamodeld in Sources */,
			);
			runOnlyForDeploymentPostprocessing = 0;
		};
/* End PBXSourcesBuildPhase section */

/* Begin PBXVariantGroup section */
		F9B481B8263EA42E00ABFA23 /* Main.storyboard */ = {
			isa = PBXVariantGroup;
			children = (
				F9B481B9263EA42E00ABFA23 /* Base */,
			);
			name = Main.storyboard;
			sourceTree = "<group>";
		};
		F9B481C0263EA44500ABFA23 /* LaunchScreen.storyboard */ = {
			isa = PBXVariantGroup;
			children = (
				F9B481C1263EA44500ABFA23 /* Base */,
			);
			name = LaunchScreen.storyboard;
			sourceTree = "<group>";
		};
/* End PBXVariantGroup section */

/* Begin XCBuildConfiguration section */
		F9B481C4263EA44500ABFA23 /* Debug */ = {
			isa = XCBuildConfiguration;
			buildSettings = {
				ALWAYS_SEARCH_USER_PATHS = NO;
				CLANG_ANALYZER_NONNULL = YES;
				CLANG_ANALYZER_NUMBER_OBJECT_CONVERSION = YES_AGGRESSIVE;
				CLANG_CXX_LANGUAGE_STANDARD = "gnu++14";
				CLANG_CXX_LIBRARY = "libc++";
				CLANG_ENABLE_MODULES = YES;
				CLANG_ENABLE_OBJC_ARC = YES;
				CLANG_ENABLE_OBJC_WEAK = YES;
				CLANG_WARN_BLOCK_CAPTURE_AUTORELEASING = YES;
				CLANG_WARN_BOOL_CONVERSION = YES;
				CLANG_WARN_COMMA = YES;
				CLANG_WARN_CONSTANT_CONVERSION = YES;
				CLANG_WARN_DEPRECATED_OBJC_IMPLEMENTATIONS = YES;
				CLANG_WARN_DIRECT_OBJC_ISA_USAGE = YES_ERROR;
				CLANG_WARN_DOCUMENTATION_COMMENTS = YES;
				CLANG_WARN_EMPTY_BODY = YES;
				CLANG_WARN_ENUM_CONVERSION = YES;
				CLANG_WARN_INFINITE_RECURSION = YES;
				CLANG_WARN_INT_CONVERSION = YES;
				CLANG_WARN_NON_LITERAL_NULL_CONVERSION = YES;
				CLANG_WARN_OBJC_IMPLICIT_RETAIN_SELF = YES;
				CLANG_WARN_OBJC_LITERAL_CONVERSION = YES;
				CLANG_WARN_OBJC_ROOT_CLASS = YES_ERROR;
				CLANG_WARN_QUOTED_INCLUDE_IN_FRAMEWORK_HEADER = YES;
				CLANG_WARN_RANGE_LOOP_ANALYSIS = YES;
				CLANG_WARN_STRICT_PROTOTYPES = YES;
				CLANG_WARN_SUSPICIOUS_MOVE = YES;
				CLANG_WARN_UNGUARDED_AVAILABILITY = YES_AGGRESSIVE;
				CLANG_WARN_UNREACHABLE_CODE = YES;
				CLANG_WARN__DUPLICATE_METHOD_MATCH = YES;
				COPY_PHASE_STRIP = NO;
				DEBUG_INFORMATION_FORMAT = dwarf;
				ENABLE_STRICT_OBJC_MSGSEND = YES;
				ENABLE_TESTABILITY = YES;
				GCC_C_LANGUAGE_STANDARD = gnu11;
				GCC_DYNAMIC_NO_PIC = NO;
				GCC_NO_COMMON_BLOCKS = YES;
				GCC_OPTIMIZATION_LEVEL = 0;
				GCC_PREPROCESSOR_DEFINITIONS = (
					"DEBUG=1",
					"$(inherited)",
				);
				GCC_WARN_64_TO_32_BIT_CONVERSION = YES;
				GCC_WARN_ABOUT_RETURN_TYPE = YES_ERROR;
				GCC_WARN_UNDECLARED_SELECTOR = YES;
				GCC_WARN_UNINITIALIZED_AUTOS = YES_AGGRESSIVE;
				GCC_WARN_UNUSED_FUNCTION = YES;
				GCC_WARN_UNUSED_VARIABLE = YES;
				IPHONEOS_DEPLOYMENT_TARGET = 14.4;
				MTL_ENABLE_DEBUG_INFO = INCLUDE_SOURCE;
				MTL_FAST_MATH = YES;
				ONLY_ACTIVE_ARCH = YES;
				SDKROOT = iphoneos;
				SWIFT_ACTIVE_COMPILATION_CONDITIONS = DEBUG;
				SWIFT_OPTIMIZATION_LEVEL = "-Onone";
			};
			name = Debug;
		};
		F9B481C5263EA44500ABFA23 /* Release */ = {
			isa = XCBuildConfiguration;
			buildSettings = {
				ALWAYS_SEARCH_USER_PATHS = NO;
				CLANG_ANALYZER_NONNULL = YES;
				CLANG_ANALYZER_NUMBER_OBJECT_CONVERSION = YES_AGGRESSIVE;
				CLANG_CXX_LANGUAGE_STANDARD = "gnu++14";
				CLANG_CXX_LIBRARY = "libc++";
				CLANG_ENABLE_MODULES = YES;
				CLANG_ENABLE_OBJC_ARC = YES;
				CLANG_ENABLE_OBJC_WEAK = YES;
				CLANG_WARN_BLOCK_CAPTURE_AUTORELEASING = YES;
				CLANG_WARN_BOOL_CONVERSION = YES;
				CLANG_WARN_COMMA = YES;
				CLANG_WARN_CONSTANT_CONVERSION = YES;
				CLANG_WARN_DEPRECATED_OBJC_IMPLEMENTATIONS = YES;
				CLANG_WARN_DIRECT_OBJC_ISA_USAGE = YES_ERROR;
				CLANG_WARN_DOCUMENTATION_COMMENTS = YES;
				CLANG_WARN_EMPTY_BODY = YES;
				CLANG_WARN_ENUM_CONVERSION = YES;
				CLANG_WARN_INFINITE_RECURSION = YES;
				CLANG_WARN_INT_CONVERSION = YES;
				CLANG_WARN_NON_LITERAL_NULL_CONVERSION = YES;
				CLANG_WARN_OBJC_IMPLICIT_RETAIN_SELF = YES;
				CLANG_WARN_OBJC_LITERAL_CONVERSION = YES;
				CLANG_WARN_OBJC_ROOT_CLASS = YES_ERROR;
				CLANG_WARN_QUOTED_INCLUDE_IN_FRAMEWORK_HEADER = YES;
				CLANG_WARN_RANGE_LOOP_ANALYSIS = YES;
				CLANG_WARN_STRICT_PROTOTYPES = YES;
				CLANG_WARN_SUSPICIOUS_MOVE = YES;
				CLANG_WARN_UNGUARDED_AVAILABILITY = YES_AGGRESSIVE;
				CLANG_WARN_UNREACHABLE_CODE = YES;
				CLANG_WARN__DUPLICATE_METHOD_MATCH = YES;
				COPY_PHASE_STRIP = NO;
				DEBUG_INFORMATION_FORMAT = "dwarf-with-dsym";
				ENABLE_NS_ASSERTIONS = NO;
				ENABLE_STRICT_OBJC_MSGSEND = YES;
				GCC_C_LANGUAGE_STANDARD = gnu11;
				GCC_NO_COMMON_BLOCKS = YES;
				GCC_WARN_64_TO_32_BIT_CONVERSION = YES;
				GCC_WARN_ABOUT_RETURN_TYPE = YES_ERROR;
				GCC_WARN_UNDECLARED_SELECTOR = YES;
				GCC_WARN_UNINITIALIZED_AUTOS = YES_AGGRESSIVE;
				GCC_WARN_UNUSED_FUNCTION = YES;
				GCC_WARN_UNUSED_VARIABLE = YES;
				IPHONEOS_DEPLOYMENT_TARGET = 14.4;
				MTL_ENABLE_DEBUG_INFO = NO;
				MTL_FAST_MATH = YES;
				SDKROOT = iphoneos;
				SWIFT_COMPILATION_MODE = wholemodule;
				SWIFT_OPTIMIZATION_LEVEL = "-O";
				VALIDATE_PRODUCT = YES;
			};
			name = Release;
		};
		F9B481C7263EA44500ABFA23 /* Debug */ = {
			isa = XCBuildConfiguration;
			buildSettings = {
				ASSETCATALOG_COMPILER_APPICON_NAME = AppIcon;
				ASSETCATALOG_COMPILER_GLOBAL_ACCENT_COLOR_NAME = AccentColor;
				CODE_SIGN_STYLE = Automatic;
				DEVELOPMENT_TEAM = 7LM2A2K757;
				INFOPLIST_FILE = MyTodo/Info.plist;
				LD_RUNPATH_SEARCH_PATHS = (
					"$(inherited)",
					"@executable_path/Frameworks",
				);
				PRODUCT_BUNDLE_IDENTIFIER = Abdelrahman.MyTodo;
				PRODUCT_NAME = "$(TARGET_NAME)";
				SWIFT_VERSION = 5.0;
				TARGETED_DEVICE_FAMILY = "1,2";
			};
			name = Debug;
		};
		F9B481C8263EA44500ABFA23 /* Release */ = {
			isa = XCBuildConfiguration;
			buildSettings = {
				ASSETCATALOG_COMPILER_APPICON_NAME = AppIcon;
				ASSETCATALOG_COMPILER_GLOBAL_ACCENT_COLOR_NAME = AccentColor;
				CODE_SIGN_STYLE = Automatic;
				DEVELOPMENT_TEAM = 7LM2A2K757;
				INFOPLIST_FILE = MyTodo/Info.plist;
				LD_RUNPATH_SEARCH_PATHS = (
					"$(inherited)",
					"@executable_path/Frameworks",
				);
				PRODUCT_BUNDLE_IDENTIFIER = Abdelrahman.MyTodo;
				PRODUCT_NAME = "$(TARGET_NAME)";
				SWIFT_VERSION = 5.0;
				TARGETED_DEVICE_FAMILY = "1,2";
			};
			name = Release;
		};
/* End XCBuildConfiguration section */

/* Begin XCConfigurationList section */
		F9B481AA263EA42D00ABFA23 /* Build configuration list for PBXProject "MyTodo" */ = {
			isa = XCConfigurationList;
			buildConfigurations = (
				F9B481C4263EA44500ABFA23 /* Debug */,
				F9B481C5263EA44500ABFA23 /* Release */,
			);
			defaultConfigurationIsVisible = 0;
			defaultConfigurationName = Release;
		};
		F9B481C6263EA44500ABFA23 /* Build configuration list for PBXNativeTarget "MyTodo" */ = {
			isa = XCConfigurationList;
			buildConfigurations = (
				F9B481C7263EA44500ABFA23 /* Debug */,
				F9B481C8263EA44500ABFA23 /* Release */,
			);
			defaultConfigurationIsVisible = 0;
			defaultConfigurationName = Release;
		};
/* End XCConfigurationList section */

/* Begin XCVersionGroup section */
		F9B481BB263EA42E00ABFA23 /* MyTodo.xcdatamodeld */ = {
			isa = XCVersionGroup;
			children = (
				F9B481BC263EA42E00ABFA23 /* MyTodo.xcdatamodel */,
			);
			currentVersion = F9B481BC263EA42E00ABFA23 /* MyTodo.xcdatamodel */;
			path = MyTodo.xcdatamodeld;
			sourceTree = "<group>";
			versionGroupType = wrapper.xcdatamodel;
		};
/* End XCVersionGroup section */
	};
	rootObject = F9B481A7263EA42D00ABFA23 /* Project object */;
}
